// !$*UTF8*$!
{
	archiveVersion = 1;
	classes = {
	};
	objectVersion = 46;
	objects = {

/* Begin PBXBuildFile section */
		D4C0D1821CD9FA770006587A /* AppDelegate.swift in Sources */ = {isa = PBXBuildFile; fileRef = D4C0D1811CD9FA770006587A /* AppDelegate.swift */; };
		D4C0D1841CD9FA770006587A /* ViewController.swift in Sources */ = {isa = PBXBuildFile; fileRef = D4C0D1831CD9FA770006587A /* ViewController.swift */; };
		D4C0D1871CD9FA780006587A /* Main.storyboard in Resources */ = {isa = PBXBuildFile; fileRef = D4C0D1851CD9FA780006587A /* Main.storyboard */; };
		D4C0D1891CD9FA780006587A /* Assets.xcassets in Resources */ = {isa = PBXBuildFile; fileRef = D4C0D1881CD9FA780006587A /* Assets.xcassets */; };
		D4C0D18C1CD9FA780006587A /* LaunchScreen.storyboard in Resources */ = {isa = PBXBuildFile; fileRef = D4C0D18A1CD9FA780006587A /* LaunchScreen.storyboard */; };
/* End PBXBuildFile section */

/* Begin PBXFileReference section */
		D4C0D17E1CD9FA770006587A /* Tapper Extreme.app */ = {isa = PBXFileReference; explicitFileType = wrapper.application; includeInIndex = 0; path = "Tapper Extreme.app"; sourceTree = BUILT_PRODUCTS_DIR; };
		D4C0D1811CD9FA770006587A /* AppDelegate.swift */ = {isa = PBXFileReference; lastKnownFileType = sourcecode.swift; path = AppDelegate.swift; sourceTree = "<group>"; };
		D4C0D1831CD9FA770006587A /* ViewController.swift */ = {isa = PBXFileReference; lastKnownFileType = sourcecode.swift; path = ViewController.swift; sourceTree = "<group>"; };
		D4C0D1861CD9FA780006587A /* Base */ = {isa = PBXFileReference; lastKnownFileType = file.storyboard; name = Base; path = Base.lproj/Main.storyboard; sourceTree = "<group>"; };
		D4C0D1881CD9FA780006587A /* Assets.xcassets */ = {isa = PBXFileReference; lastKnownFileType = folder.assetcatalog; path = Assets.xcassets; sourceTree = "<group>"; };
		D4C0D18B1CD9FA780006587A /* Base */ = {isa = PBXFileReference; lastKnownFileType = file.storyboard; name = Base; path = Base.lproj/LaunchScreen.storyboard; sourceTree = "<group>"; };
		D4C0D18D1CD9FA780006587A /* Info.plist */ = {isa = PBXFileReference; lastKnownFileType = text.plist.xml; path = Info.plist; sourceTree = "<group>"; };
/* End PBXFileReference section */

/* Begin PBXFrameworksBuildPhase section */
		D4C0D17B1CD9FA760006587A /* Frameworks */ = {
			isa = PBXFrameworksBuildPhase;
			buildActionMask = 2147483647;
			files = (
			);
			runOnlyForDeploymentPostprocessing = 0;
		};
/* End PBXFrameworksBuildPhase section */

/* Begin PBXGroup section */
		D4C0D1751CD9FA760006587A = {
			isa = PBXGroup;
			children = (
				D4C0D1801CD9FA770006587A /* Tapper Extreme */,
				D4C0D17F1CD9FA770006587A /* Products */,
			);
			sourceTree = "<group>";
		};
		D4C0D17F1CD9FA770006587A /* Products */ = {
			isa = PBXGroup;
			children = (
				D4C0D17E1CD9FA770006587A /* Tapper Extreme.app */,
			);
			name = Products;
			sourceTree = "<group>";
		};
		D4C0D1801CD9FA770006587A /* Tapper Extreme */ = {
			isa = PBXGroup;
			children = (
				D4C0D1811CD9FA770006587A /* AppDelegate.swift */,
				D4C0D1831CD9FA770006587A /* ViewController.swift */,
				D4C0D1851CD9FA780006587A /* Main.storyboard */,
				D4C0D1881CD9FA780006587A /* Assets.xcassets */,
				D4C0D18A1CD9FA780006587A /* LaunchScreen.storyboard */,
				D4C0D18D1CD9FA780006587A /* Info.plist */,
			);
			path = "Tapper Extreme";
			sourceTree = "<group>";
		};
/* End PBXGroup section */

/* Begin PBXNativeTarget section */
		D4C0D17D1CD9FA760006587A /* Tapper Extreme */ = {
			isa = PBXNativeTarget;
			buildConfigurationList = D4C0D1901CD9FA790006587A /* Build configuration list for PBXNativeTarget "Tapper Extreme" */;
			buildPhases = (
				D4C0D17A1CD9FA760006587A /* Sources */,
				D4C0D17B1CD9FA760006587A /* Frameworks */,
				D4C0D17C1CD9FA760006587A /* Resources */,
			);
			buildRules = (
			);
			dependencies = (
			);
			name = "Tapper Extreme";
			productName = "Tapper Extreme";
			productReference = D4C0D17E1CD9FA770006587A /* Tapper Extreme.app */;
			productType = "com.apple.product-type.application";
		};
/* End PBXNativeTarget section */

/* Begin PBXProject section */
		D4C0D1761CD9FA760006587A /* Project object */ = {
			isa = PBXProject;
			attributes = {
				LastSwiftUpdateCheck = 0730;
				LastUpgradeCheck = 0730;
				ORGANIZATIONNAME = Silvarr;
				TargetAttributes = {
					D4C0D17D1CD9FA760006587A = {
						CreatedOnToolsVersion = 7.3;
					};
				};
			};
			buildConfigurationList = D4C0D1791CD9FA760006587A /* Build configuration list for PBXProject "Tapper Extreme" */;
			compatibilityVersion = "Xcode 3.2";
			developmentRegion = English;
			hasScannedForEncodings = 0;
			knownRegions = (
				en,
				Base,
			);
			mainGroup = D4C0D1751CD9FA760006587A;
			productRefGroup = D4C0D17F1CD9FA770006587A /* Products */;
			projectDirPath = "";
			projectRoot = "";
			targets = (
				D4C0D17D1CD9FA760006587A /* Tapper Extreme */,
			);
		};
/* End PBXProject section */

/* Begin PBXResourcesBuildPhase section */
		D4C0D17C1CD9FA760006587A /* Resources */ = {
			isa = PBXResourcesBuildPhase;
			buildActionMask = 2147483647;
			files = (
				D4C0D18C1CD9FA780006587A /* LaunchScreen.storyboard in Resources */,
				D4C0D1891CD9FA780006587A /* Assets.xcassets in Resources */,
				D4C0D1871CD9FA780006587A /* Main.storyboard in Resources */,
			);
			runOnlyForDeploymentPostprocessing = 0;
		};
/* End PBXResourcesBuildPhase section */

/* Begin PBXSourcesBuildPhase section */
		D4C0D17A1CD9FA760006587A /* Sources */ = {
			isa = PBXSourcesBuildPhase;
			buildActionMask = 2147483647;
			files = (
				D4C0D1841CD9FA770006587A /* ViewController.swift in Sources */,
				D4C0D1821CD9FA770006587A /* AppDelegate.swift in Sources */,
			);
			runOnlyForDeploymentPostprocessing = 0;
		};
/* End PBXSourcesBuildPhase section */

/* Begin PBXVariantGroup section */
		D4C0D1851CD9FA780006587A /* Main.storyboard */ = {
			isa = PBXVariantGroup;
			children = (
				D4C0D1861CD9FA780006587A /* Base */,
			);
			name = Main.storyboard;
			sourceTree = "<group>";
		};
		D4C0D18A1CD9FA780006587A /* LaunchScreen.storyboard */ = {
			isa = PBXVariantGroup;
			children = (
				D4C0D18B1CD9FA780006587A /* Base */,
			);
			name = LaunchScreen.storyboard;
			sourceTree = "<group>";
		};
/* End PBXVariantGroup section */

/* Begin XCBuildConfiguration section */
		D4C0D18E1CD9FA780006587A /* Debug */ = {
			isa = XCBuildConfiguration;
			buildSettings = {
				ALWAYS_SEARCH_USER_PATHS = NO;
				CLANG_ANALYZER_NONNULL = YES;
				CLANG_CXX_LANGUAGE_STANDARD = "gnu++0x";
				CLANG_CXX_LIBRARY = "libc++";
				CLANG_ENABLE_MODULES = YES;
				CLANG_ENABLE_OBJC_ARC = YES;
				CLANG_WARN_BOOL_CONVERSION = YES;
				CLANG_WARN_CONSTANT_CONVERSION = YES;
				CLANG_WARN_DIRECT_OBJC_ISA_USAGE = YES_ERROR;
				CLANG_WARN_EMPTY_BODY = YES;
				CLANG_WARN_ENUM_CONVERSION = YES;
				CLANG_WARN_INT_CONVERSION = YES;
				CLANG_WARN_OBJC_ROOT_CLASS = YES_ERROR;
				CLANG_WARN_UNREACHABLE_CODE = YES;
				CLANG_WARN__DUPLICATE_METHOD_MATCH = YES;
				"CODE_SIGN_IDENTITY[sdk=iphoneos*]" = "iPhone Developer";
				COPY_PHASE_STRIP = NO;
				DEBUG_INFORMATION_FORMAT = dwarf;
				ENABLE_STRICT_OBJC_MSGSEND = YES;
				ENABLE_TESTABILITY = YES;
				GCC_C_LANGUAGE_STANDARD = gnu99;
				GCC_DYNAMIC_NO_PIC = NO;
				GCC_NO_COMMON_BLOCKS = YES;
				GCC_OPTIMIZATION_LEVEL = 0;
				GCC_PREPROCESSOR_DEFINITIONS = (
					"DEBUG=1",
					"$(inherited)",
				);
				GCC_WARN_64_TO_32_BIT_CONVERSION = YES;
				GCC_WARN_ABOUT_RETURN_TYPE = YES_ERROR;
				GCC_WARN_UNDECLARED_SELECTOR = YES;
				GCC_WARN_UNINITIALIZED_AUTOS = YES_AGGRESSIVE;
				GCC_WARN_UNUSED_FUNCTION = YES;
				GCC_WARN_UNUSED_VARIABLE = YES;
				IPHONEOS_DEPLOYMENT_TARGET = 9.3;
				MTL_ENABLE_DEBUG_INFO = YES;
				ONLY_ACTIVE_ARCH = YES;
				SDKROOT = iphoneos;
				SWIFT_OPTIMIZATION_LEVEL = "-Onone";
			};
			name = Debug;
		};
		D4C0D18F1CD9FA780006587A /* Release */ = {
			isa = XCBuildConfiguration;
			buildSettings = {
				ALWAYS_SEARCH_USER_PATHS = NO;
				CLANG_ANALYZER_NONNULL = YES;
				CLANG_CXX_LANGUAGE_STANDARD = "gnu++0x";
				CLANG_CXX_LIBRARY = "libc++";
				CLANG_ENABLE_MODULES = YES;
				CLANG_ENABLE_OBJC_ARC = YES;
				CLANG_WARN_BOOL_CONVERSION = YES;
				CLANG_WARN_CONSTANT_CONVERSION = YES;
				CLANG_WARN_DIRECT_OBJC_ISA_USAGE = YES_ERROR;
				CLANG_WARN_EMPTY_BODY = YES;
				CLANG_WARN_ENUM_CONVERSION = YES;
				CLANG_WARN_INT_CONVERSION = YES;
				CLANG_WARN_OBJC_ROOT_CLASS = YES_ERROR;
				CLANG_WARN_UNREACHABLE_CODE = YES;
				CLANG_WARN__DUPLICATE_METHOD_MATCH = YES;
				"CODE_SIGN_IDENTITY[sdk=iphoneos*]" = "iPhone Developer";
				COPY_PHASE_STRIP = NO;
				DEBUG_INFORMATION_FORMAT = "dwarf-with-dsym";
				ENABLE_NS_ASSERTIONS = NO;
				ENABLE_STRICT_OBJC_MSGSEND = YES;
				GCC_C_LANGUAGE_STANDARD = gnu99;
				GCC_NO_COMMON_BLOCKS = YES;
				GCC_WARN_64_TO_32_BIT_CONVERSION = YES;
				GCC_WARN_ABOUT_RETURN_TYPE = YES_ERROR;
				GCC_WARN_UNDECLARED_SELECTOR = YES;
				GCC_WARN_UNINITIALIZED_AUTOS = YES_AGGRESSIVE;
				GCC_WARN_UNUSED_FUNCTION = YES;
				GCC_WARN_UNUSED_VARIABLE = YES;
				IPHONEOS_DEPLOYMENT_TARGET = 9.3;
				MTL_ENABLE_DEBUG_INFO = NO;
				SDKROOT = iphoneos;
				VALIDATE_PRODUCT = YES;
			};
			name = Release;
		};
		D4C0D1911CD9FA790006587A /* Debug */ = {
			isa = XCBuildConfiguration;
			buildSettings = {
				ASSETCATALOG_COMPILER_APPICON_NAME = AppIcon;
				INFOPLIST_FILE = "Tapper Extreme/Info.plist";
				LD_RUNPATH_SEARCH_PATHS = "$(inherited) @executable_path/Frameworks";
				PRODUCT_BUNDLE_IDENTIFIER = "com.silvarr.Tapper-Extreme";
				PRODUCT_NAME = "$(TARGET_NAME)";
			};
			name = Debug;
		};
		D4C0D1921CD9FA790006587A /* Release */ = {
			isa = XCBuildConfiguration;
			buildSettings = {
				ASSETCATALOG_COMPILER_APPICON_NAME = AppIcon;
				INFOPLIST_FILE = "Tapper Extreme/Info.plist";
				LD_RUNPATH_SEARCH_PATHS = "$(inherited) @executable_path/Frameworks";
				PRODUCT_BUNDLE_IDENTIFIER = "com.silvarr.Tapper-Extreme";
				PRODUCT_NAME = "$(TARGET_NAME)";
			};
			name = Release;
		};
/* End XCBuildConfiguration section */

/* Begin XCConfigurationList section */
		D4C0D1791CD9FA760006587A /* Build configuration list for PBXProject "Tapper Extreme" */ = {
			isa = XCConfigurationList;
			buildConfigurations = (
				D4C0D18E1CD9FA780006587A /* Debug */,
				D4C0D18F1CD9FA780006587A /* Release */,
			);
			defaultConfigurationIsVisible = 0;
			defaultConfigurationName = Release;
		};
		D4C0D1901CD9FA790006587A /* Build configuration list for PBXNativeTarget "Tapper Extreme" */ = {
			isa = XCConfigurationList;
			buildConfigurations = (
				D4C0D1911CD9FA790006587A /* Debug */,
				D4C0D1921CD9FA790006587A /* Release */,
			);
			defaultConfigurationIsVisible = 0;
		};
/* End XCConfigurationList section */
	};
	rootObject = D4C0D1761CD9FA760006587A /* Project object */;
}
